
Microsoft Visual Studio Solution File, Format Version 12.00
# Visual Studio Version 17
VisualStudioVersion = 17.0.31919.166
MinimumVisualStudioVersion = 10.0.40219.1
Project("{9A19103F-16F7-4668-BE54-9A1E7A4F7556}") = "KantineShopGUI.2", "KantineShopGUI.2\KantineShopGUI.2.csproj", "{7CBF879B-32B3-438F-8422-B4E5E2368385}"
EndProject
Project("{9A19103F-16F7-4668-BE54-9A1E7A4F7556}") = "KantineClassLibrary", "KantineClassLibrary\KantineClassLibrary\KantineClassLibrary.csproj", "{A9C29B72-6822-4005-A9B8-D958D24F8A04}"
EndProject
Global
	GlobalSection(SolutionConfigurationPlatforms) = preSolution
		Debug|Any CPU = Debug|Any CPU
		Release|Any CPU = Release|Any CPU
	EndGlobalSection
	GlobalSection(ProjectConfigurationPlatforms) = postSolution
		{7CBF879B-32B3-438F-8422-B4E5E2368385}.Debug|Any CPU.ActiveCfg = Debug|Any CPU
		{7CBF879B-32B3-438F-8422-B4E5E2368385}.Debug|Any CPU.Build.0 = Debug|Any CPU
		{7CBF879B-32B3-438F-8422-B4E5E2368385}.Release|Any CPU.ActiveCfg = Release|Any CPU
		{7CBF879B-32B3-438F-8422-B4E5E2368385}.Release|Any CPU.Build.0 = Release|Any CPU
		{A9C29B72-6822-4005-A9B8-D958D24F8A04}.Debug|Any CPU.ActiveCfg = Debug|Any CPU
		{A9C29B72-6822-4005-A9B8-D958D24F8A04}.Debug|Any CPU.Build.0 = Debug|Any CPU
		{A9C29B72-6822-4005-A9B8-D958D24F8A04}.Release|Any CPU.ActiveCfg = Release|Any CPU
		{A9C29B72-6822-4005-A9B8-D958D24F8A04}.Release|Any CPU.Build.0 = Release|Any CPU
	EndGlobalSection
	GlobalSection(SolutionProperties) = preSolution
		HideSolutionNode = FALSE
	EndGlobalSection
	GlobalSection(ExtensibilityGlobals) = postSolution
		SolutionGuid = {23C8A304-3D65-49CA-A2F2-EF2EA99D9925}
	EndGlobalSection
EndGlobal
